
Microsoft Visual Studio Solution File, Format Version 12.00
# Visual Studio Version 16
VisualStudioVersion = 16.0.32413.511
MinimumVisualStudioVersion = 10.0.40219.1
Project("{FAE04EC0-301F-11D3-BF4B-00C04F79EFBC}") = "Pneumonia Detection Assistant", "Pneumonia Detection Assistant.csproj", "{2EE1907E-7AFB-4E41-931D-AA4B1DC60166}"
EndProject
Global
	GlobalSection(SolutionConfigurationPlatforms) = preSolution
		Debug|Any CPU = Debug|Any CPU
		Release|Any CPU = Release|Any CPU
	EndGlobalSection
	GlobalSection(ProjectConfigurationPlatforms) = postSolution
		{2EE1907E-7AFB-4E41-931D-AA4B1DC60166}.Debug|Any CPU.ActiveCfg = Debug|Any CPU
		{2EE1907E-7AFB-4E41-931D-AA4B1DC60166}.Debug|Any CPU.Build.0 = Debug|Any CPU
		{2EE1907E-7AFB-4E41-931D-AA4B1DC60166}.Release|Any CPU.ActiveCfg = Release|Any CPU
		{2EE1907E-7AFB-4E41-931D-AA4B1DC60166}.Release|Any CPU.Build.0 = Release|Any CPU
	EndGlobalSection
	GlobalSection(SolutionProperties) = preSolution
		HideSolutionNode = FALSE
	EndGlobalSection
	GlobalSection(ExtensibilityGlobals) = postSolution
		SolutionGuid = {BA6CF2B3-7FD5-4A5E-90DC-95983DF8F14E}
	EndGlobalSection
EndGlobal
